{
  "requires": true,
  "lockfileVersion": 1,
  "dependencies": {
    "@fortawesome/fontawesome-free": {
      "version": "5.10.1",
      "resolved": "https://registry.npmjs.org/@fortawesome/fontawesome-free/-/fontawesome-free-5.10.1.tgz",
      "integrity": "sha512-PYncBhgN1l02mwHmczukexmu4yRTjRDAAdcK62jdWSAW8epcnZ9K2win/7rMrffiv/c7XLVDA8vD+yi6WyvbGQ=="
    },
    "animate.css": {
      "version": "3.7.2",
      "resolved": "https://registry.npmjs.org/animate.css/-/animate.css-3.7.2.tgz",
      "integrity": "sha512-0bE8zYo7C0KvgOYrSVfrzkbYk6IOTVPNqkiHg2cbyF4Pq/PXzilz4BRWA3hwEUBoMp5VBgrC29lQIZyhRWdBTw=="
    },
    "uikit": {
      "version": "3.1.8-dev.c5ddbf1ba",
      "resolved": "https://registry.npmjs.org/uikit/-/uikit-3.1.8-dev.c5ddbf1ba.tgz",
      "integrity": "sha512-DndLlG65lDRJYR6rSsVM0jnGOoV47kHTLPl6Eyfhe3v4+2rb5rBrEAZ6CSuoLwqeth/E5ZqPdf1oGEoqzFKeJw=="
    }
  }
}
